
Microsoft Visual Studio Solution File, Format Version 12.00
# Visual Studio Version 17
VisualStudioVersion = 17.1.32407.343
MinimumVisualStudioVersion = 10.0.40219.1
Project("{FAE04EC0-301F-11D3-BF4B-00C04F79EFBC}") = "Exec_For04", "Exec_For04.csproj", "{A185046C-7A39-40AC-B300-DE803964ED52}"
EndProject
Global
	GlobalSection(SolutionConfigurationPlatforms) = preSolution
		Debug|Any CPU = Debug|Any CPU
		Release|Any CPU = Release|Any CPU
	EndGlobalSection
	GlobalSection(ProjectConfigurationPlatforms) = postSolution
		{A185046C-7A39-40AC-B300-DE803964ED52}.Debug|Any CPU.ActiveCfg = Debug|Any CPU
		{A185046C-7A39-40AC-B300-DE803964ED52}.Debug|Any CPU.Build.0 = Debug|Any CPU
		{A185046C-7A39-40AC-B300-DE803964ED52}.Release|Any CPU.ActiveCfg = Release|Any CPU
		{A185046C-7A39-40AC-B300-DE803964ED52}.Release|Any CPU.Build.0 = Release|Any CPU
	EndGlobalSection
	GlobalSection(SolutionProperties) = preSolution
		HideSolutionNode = FALSE
	EndGlobalSection
	GlobalSection(ExtensibilityGlobals) = postSolution
		SolutionGuid = {C1818647-A0D6-4B49-A38B-FDA9130E91FA}
	EndGlobalSection
EndGlobal
